
Microsoft Visual Studio Solution File, Format Version 12.00
# Visual Studio Version 16
VisualStudioVersion = 16.0.810.8
MinimumVisualStudioVersion = 10.0.40219.1
Project("{FAE04EC0-301F-11D3-BF4B-00C04F79EFBC}") = "NetworksExam", "NetworksExam\NetworksExam.csproj", "{F2ABB0D3-258E-4806-B4D6-EE7AB010FD17}"
EndProject
Project("{FAE04EC0-301F-11D3-BF4B-00C04F79EFBC}") = "NetworksExam.Tests", "NetworksExam.Tests\NetworksExam.Tests.csproj", "{799C346E-12AD-4A5B-8EA6-0915AE211A47}"
EndProject
Global
	GlobalSection(SolutionConfigurationPlatforms) = preSolution
		Debug|Any CPU = Debug|Any CPU
		Release|Any CPU = Release|Any CPU
	EndGlobalSection
	GlobalSection(ProjectConfigurationPlatforms) = postSolution
		{F2ABB0D3-258E-4806-B4D6-EE7AB010FD17}.Debug|Any CPU.ActiveCfg = Debug|Any CPU
		{F2ABB0D3-258E-4806-B4D6-EE7AB010FD17}.Debug|Any CPU.Build.0 = Debug|Any CPU
		{F2ABB0D3-258E-4806-B4D6-EE7AB010FD17}.Release|Any CPU.ActiveCfg = Release|Any CPU
		{F2ABB0D3-258E-4806-B4D6-EE7AB010FD17}.Release|Any CPU.Build.0 = Release|Any CPU
		{799C346E-12AD-4A5B-8EA6-0915AE211A47}.Debug|Any CPU.ActiveCfg = Debug|Any CPU
		{799C346E-12AD-4A5B-8EA6-0915AE211A47}.Debug|Any CPU.Build.0 = Debug|Any CPU
		{799C346E-12AD-4A5B-8EA6-0915AE211A47}.Release|Any CPU.ActiveCfg = Release|Any CPU
		{799C346E-12AD-4A5B-8EA6-0915AE211A47}.Release|Any CPU.Build.0 = Release|Any CPU
	EndGlobalSection
	GlobalSection(SolutionProperties) = preSolution
		HideSolutionNode = FALSE
	EndGlobalSection
	GlobalSection(ExtensibilityGlobals) = postSolution
		SolutionGuid = {C2A83878-1643-4318-AC87-F4D3FC0E664D}
	EndGlobalSection
EndGlobal
